
Microsoft Visual Studio Solution File, Format Version 12.00
# Visual Studio Version 17
VisualStudioVersion = 17.10.34928.147
MinimumVisualStudioVersion = 10.0.40219.1
Project("{FAE04EC0-301F-11D3-BF4B-00C04F79EFBC}") = "Lab7_Smart-Cart", "Lab7_Smart-Cart\Lab7_Smart-Cart.csproj", "{7CD4D54E-C3E5-401D-92E5-2A9006B38300}"
EndProject
Global
	GlobalSection(SolutionConfigurationPlatforms) = preSolution
		Debug|Any CPU = Debug|Any CPU
		Release|Any CPU = Release|Any CPU
	EndGlobalSection
	GlobalSection(ProjectConfigurationPlatforms) = postSolution
		{7CD4D54E-C3E5-401D-92E5-2A9006B38300}.Debug|Any CPU.ActiveCfg = Debug|Any CPU
		{7CD4D54E-C3E5-401D-92E5-2A9006B38300}.Debug|Any CPU.Build.0 = Debug|Any CPU
		{7CD4D54E-C3E5-401D-92E5-2A9006B38300}.Release|Any CPU.ActiveCfg = Release|Any CPU
		{7CD4D54E-C3E5-401D-92E5-2A9006B38300}.Release|Any CPU.Build.0 = Release|Any CPU
	EndGlobalSection
	GlobalSection(SolutionProperties) = preSolution
		HideSolutionNode = FALSE
	EndGlobalSection
	GlobalSection(ExtensibilityGlobals) = postSolution
		SolutionGuid = {EDDB9877-78EE-4C31-84CC-CD7D3CB24ED4}
	EndGlobalSection
EndGlobal
